// !$*UTF8*$!
{
	archiveVersion = 1;
	classes = {
	};
	objectVersion = 55;
	objects = {

/* Begin PBXBuildFile section */
		7542EA56288C846C00F79148 /* AppDelegate.swift in Sources */ = {isa = PBXBuildFile; fileRef = 7542EA55288C846C00F79148 /* AppDelegate.swift */; };
		7542EA58288C846C00F79148 /* SceneDelegate.swift in Sources */ = {isa = PBXBuildFile; fileRef = 7542EA57288C846C00F79148 /* SceneDelegate.swift */; };
		7542EA5D288C846C00F79148 /* Main.storyboard in Resources */ = {isa = PBXBuildFile; fileRef = 7542EA5B288C846C00F79148 /* Main.storyboard */; };
		7542EA5F288C846F00F79148 /* Assets.xcassets in Resources */ = {isa = PBXBuildFile; fileRef = 7542EA5E288C846F00F79148 /* Assets.xcassets */; };
		7542EA62288C846F00F79148 /* LaunchScreen.storyboard in Resources */ = {isa = PBXBuildFile; fileRef = 7542EA60288C846F00F79148 /* LaunchScreen.storyboard */; };
		7542EA6A288C86A100F79148 /* Event.swift in Sources */ = {isa = PBXBuildFile; fileRef = 7542EA69288C86A100F79148 /* Event.swift */; };
		7542EA71288C9EDB00F79148 /* EventController.swift in Sources */ = {isa = PBXBuildFile; fileRef = 7542EA70288C9EDB00F79148 /* EventController.swift */; };
		7542EA73288CAB2300F79148 /* EventCell.swift in Sources */ = {isa = PBXBuildFile; fileRef = 7542EA72288CAB2300F79148 /* EventCell.swift */; };
		7542EA75288CB84600F79148 /* Extensions.swift in Sources */ = {isa = PBXBuildFile; fileRef = 7542EA74288CB84600F79148 /* Extensions.swift */; };
		75F9F528288DFB670032B59D /* SDWebImage in Frameworks */ = {isa = PBXBuildFile; productRef = 75F9F527288DFB670032B59D /* SDWebImage */; };
		75F9F52A288E14DE0032B59D /* Service.swift in Sources */ = {isa = PBXBuildFile; fileRef = 75F9F529288E14DE0032B59D /* Service.swift */; };
/* End PBXBuildFile section */

/* Begin PBXFileReference section */
		7542EA52288C846C00F79148 /* CityEvent.app */ = {isa = PBXFileReference; explicitFileType = wrapper.application; includeInIndex = 0; path = CityEvent.app; sourceTree = BUILT_PRODUCTS_DIR; };
		7542EA55288C846C00F79148 /* AppDelegate.swift */ = {isa = PBXFileReference; lastKnownFileType = sourcecode.swift; path = AppDelegate.swift; sourceTree = "<group>"; };
		7542EA57288C846C00F79148 /* SceneDelegate.swift */ = {isa = PBXFileReference; lastKnownFileType = sourcecode.swift; path = SceneDelegate.swift; sourceTree = "<group>"; };
		7542EA5C288C846C00F79148 /* Base */ = {isa = PBXFileReference; lastKnownFileType = file.storyboard; name = Base; path = Base.lproj/Main.storyboard; sourceTree = "<group>"; };
		7542EA5E288C846F00F79148 /* Assets.xcassets */ = {isa = PBXFileReference; lastKnownFileType = folder.assetcatalog; path = Assets.xcassets; sourceTree = "<group>"; };
		7542EA61288C846F00F79148 /* Base */ = {isa = PBXFileReference; lastKnownFileType = file.storyboard; name = Base; path = Base.lproj/LaunchScreen.storyboard; sourceTree = "<group>"; };
		7542EA63288C846F00F79148 /* Info.plist */ = {isa = PBXFileReference; lastKnownFileType = text.plist.xml; path = Info.plist; sourceTree = "<group>"; };
		7542EA69288C86A100F79148 /* Event.swift */ = {isa = PBXFileReference; lastKnownFileType = sourcecode.swift; path = Event.swift; sourceTree = "<group>"; };
		7542EA70288C9EDB00F79148 /* EventController.swift */ = {isa = PBXFileReference; lastKnownFileType = sourcecode.swift; path = EventController.swift; sourceTree = "<group>"; };
		7542EA72288CAB2300F79148 /* EventCell.swift */ = {isa = PBXFileReference; lastKnownFileType = sourcecode.swift; path = EventCell.swift; sourceTree = "<group>"; };
		7542EA74288CB84600F79148 /* Extensions.swift */ = {isa = PBXFileReference; lastKnownFileType = sourcecode.swift; path = Extensions.swift; sourceTree = "<group>"; };
		75F9F529288E14DE0032B59D /* Service.swift */ = {isa = PBXFileReference; lastKnownFileType = sourcecode.swift; path = Service.swift; sourceTree = "<group>"; };
/* End PBXFileReference section */

/* Begin PBXFrameworksBuildPhase section */
		7542EA4F288C846C00F79148 /* Frameworks */ = {
			isa = PBXFrameworksBuildPhase;
			buildActionMask = 2147483647;
			files = (
				75F9F528288DFB670032B59D /* SDWebImage in Frameworks */,
			);
			runOnlyForDeploymentPostprocessing = 0;
		};
/* End PBXFrameworksBuildPhase section */

/* Begin PBXGroup section */
		7542EA49288C846C00F79148 = {
			isa = PBXGroup;
			children = (
				7542EA54288C846C00F79148 /* CityEvent */,
				7542EA53288C846C00F79148 /* Products */,
			);
			sourceTree = "<group>";
		};
		7542EA53288C846C00F79148 /* Products */ = {
			isa = PBXGroup;
			children = (
				7542EA52288C846C00F79148 /* CityEvent.app */,
			);
			name = Products;
			sourceTree = "<group>";
		};
		7542EA54288C846C00F79148 /* CityEvent */ = {
			isa = PBXGroup;
			children = (
				7542EA6E288C9E6600F79148 /* Model */,
				7542EA6D288C9E6400F79148 /* View */,
				7542EA6C288C9E6100F79148 /* Controller */,
				7542EA6B288C9E4B00F79148 /* Service */,
				7542EA6F288C9E9500F79148 /* Utils */,
				7542EA55288C846C00F79148 /* AppDelegate.swift */,
				7542EA57288C846C00F79148 /* SceneDelegate.swift */,
				7542EA5B288C846C00F79148 /* Main.storyboard */,
				7542EA5E288C846F00F79148 /* Assets.xcassets */,
				7542EA60288C846F00F79148 /* LaunchScreen.storyboard */,
				7542EA63288C846F00F79148 /* Info.plist */,
				7542EA69288C86A100F79148 /* Event.swift */,
			);
			path = CityEvent;
			sourceTree = "<group>";
		};
		7542EA6B288C9E4B00F79148 /* Service */ = {
			isa = PBXGroup;
			children = (
				75F9F529288E14DE0032B59D /* Service.swift */,
			);
			path = Service;
			sourceTree = "<group>";
		};
		7542EA6C288C9E6100F79148 /* Controller */ = {
			isa = PBXGroup;
			children = (
				7542EA70288C9EDB00F79148 /* EventController.swift */,
			);
			path = Controller;
			sourceTree = "<group>";
		};
		7542EA6D288C9E6400F79148 /* View */ = {
			isa = PBXGroup;
			children = (
				7542EA72288CAB2300F79148 /* EventCell.swift */,
			);
			path = View;
			sourceTree = "<group>";
		};
		7542EA6E288C9E6600F79148 /* Model */ = {
			isa = PBXGroup;
			children = (
			);
			path = Model;
			sourceTree = "<group>";
		};
		7542EA6F288C9E9500F79148 /* Utils */ = {
			isa = PBXGroup;
			children = (
				7542EA74288CB84600F79148 /* Extensions.swift */,
			);
			path = Utils;
			sourceTree = "<group>";
		};
/* End PBXGroup section */

/* Begin PBXNativeTarget section */
		7542EA51288C846C00F79148 /* CityEvent */ = {
			isa = PBXNativeTarget;
			buildConfigurationList = 7542EA66288C846F00F79148 /* Build configuration list for PBXNativeTarget "CityEvent" */;
			buildPhases = (
				7542EA4E288C846C00F79148 /* Sources */,
				7542EA4F288C846C00F79148 /* Frameworks */,
				7542EA50288C846C00F79148 /* Resources */,
			);
			buildRules = (
			);
			dependencies = (
			);
			name = CityEvent;
			packageProductDependencies = (
				75F9F527288DFB670032B59D /* SDWebImage */,
			);
			productName = CityEvent;
			productReference = 7542EA52288C846C00F79148 /* CityEvent.app */;
			productType = "com.apple.product-type.application";
		};
/* End PBXNativeTarget section */

/* Begin PBXProject section */
		7542EA4A288C846C00F79148 /* Project object */ = {
			isa = PBXProject;
			attributes = {
				BuildIndependentTargetsInParallel = 1;
				LastSwiftUpdateCheck = 1320;
				LastUpgradeCheck = 1320;
				TargetAttributes = {
					7542EA51288C846C00F79148 = {
						CreatedOnToolsVersion = 13.2.1;
					};
				};
			};
			buildConfigurationList = 7542EA4D288C846C00F79148 /* Build configuration list for PBXProject "CityEvent" */;
			compatibilityVersion = "Xcode 13.0";
			developmentRegion = en;
			hasScannedForEncodings = 0;
			knownRegions = (
				en,
				Base,
			);
			mainGroup = 7542EA49288C846C00F79148;
			packageReferences = (
				75F9F526288DFB670032B59D /* XCRemoteSwiftPackageReference "SDWebImage" */,
			);
			productRefGroup = 7542EA53288C846C00F79148 /* Products */;
			projectDirPath = "";
			projectRoot = "";
			targets = (
				7542EA51288C846C00F79148 /* CityEvent */,
			);
		};
/* End PBXProject section */

/* Begin PBXResourcesBuildPhase section */
		7542EA50288C846C00F79148 /* Resources */ = {
			isa = PBXResourcesBuildPhase;
			buildActionMask = 2147483647;
			files = (
				7542EA62288C846F00F79148 /* LaunchScreen.storyboard in Resources */,
				7542EA5F288C846F00F79148 /* Assets.xcassets in Resources */,
				7542EA5D288C846C00F79148 /* Main.storyboard in Resources */,
			);
			runOnlyForDeploymentPostprocessing = 0;
		};
/* End PBXResourcesBuildPhase section */

/* Begin PBXSourcesBuildPhase section */
		7542EA4E288C846C00F79148 /* Sources */ = {
			isa = PBXSourcesBuildPhase;
			buildActionMask = 2147483647;
			files = (
				7542EA6A288C86A100F79148 /* Event.swift in Sources */,
				75F9F52A288E14DE0032B59D /* Service.swift in Sources */,
				7542EA75288CB84600F79148 /* Extensions.swift in Sources */,
				7542EA71288C9EDB00F79148 /* EventController.swift in Sources */,
				7542EA73288CAB2300F79148 /* EventCell.swift in Sources */,
				7542EA56288C846C00F79148 /* AppDelegate.swift in Sources */,
				7542EA58288C846C00F79148 /* SceneDelegate.swift in Sources */,
			);
			runOnlyForDeploymentPostprocessing = 0;
		};
/* End PBXSourcesBuildPhase section */

/* Begin PBXVariantGroup section */
		7542EA5B288C846C00F79148 /* Main.storyboard */ = {
			isa = PBXVariantGroup;
			children = (
				7542EA5C288C846C00F79148 /* Base */,
			);
			name = Main.storyboard;
			sourceTree = "<group>";
		};
		7542EA60288C846F00F79148 /* LaunchScreen.storyboard */ = {
			isa = PBXVariantGroup;
			children = (
				7542EA61288C846F00F79148 /* Base */,
			);
			name = LaunchScreen.storyboard;
			sourceTree = "<group>";
		};
/* End PBXVariantGroup section */

/* Begin XCBuildConfiguration section */
		7542EA64288C846F00F79148 /* Debug */ = {
			isa = XCBuildConfiguration;
			buildSettings = {
				ALWAYS_SEARCH_USER_PATHS = NO;
				CLANG_ANALYZER_NONNULL = YES;
				CLANG_ANALYZER_NUMBER_OBJECT_CONVERSION = YES_AGGRESSIVE;
				CLANG_CXX_LANGUAGE_STANDARD = "gnu++17";
				CLANG_CXX_LIBRARY = "libc++";
				CLANG_ENABLE_MODULES = YES;
				CLANG_ENABLE_OBJC_ARC = YES;
				CLANG_ENABLE_OBJC_WEAK = YES;
				CLANG_WARN_BLOCK_CAPTURE_AUTORELEASING = YES;
				CLANG_WARN_BOOL_CONVERSION = YES;
				CLANG_WARN_COMMA = YES;
				CLANG_WARN_CONSTANT_CONVERSION = YES;
				CLANG_WARN_DEPRECATED_OBJC_IMPLEMENTATIONS = YES;
				CLANG_WARN_DIRECT_OBJC_ISA_USAGE = YES_ERROR;
				CLANG_WARN_DOCUMENTATION_COMMENTS = YES;
				CLANG_WARN_EMPTY_BODY = YES;
				CLANG_WARN_ENUM_CONVERSION = YES;
				CLANG_WARN_INFINITE_RECURSION = YES;
				CLANG_WARN_INT_CONVERSION = YES;
				CLANG_WARN_NON_LITERAL_NULL_CONVERSION = YES;
				CLANG_WARN_OBJC_IMPLICIT_RETAIN_SELF = YES;
				CLANG_WARN_OBJC_LITERAL_CONVERSION = YES;
				CLANG_WARN_OBJC_ROOT_CLASS = YES_ERROR;
				CLANG_WARN_QUOTED_INCLUDE_IN_FRAMEWORK_HEADER = YES;
				CLANG_WARN_RANGE_LOOP_ANALYSIS = YES;
				CLANG_WARN_STRICT_PROTOTYPES = YES;
				CLANG_WARN_SUSPICIOUS_MOVE = YES;
				CLANG_WARN_UNGUARDED_AVAILABILITY = YES_AGGRESSIVE;
				CLANG_WARN_UNREACHABLE_CODE = YES;
				CLANG_WARN__DUPLICATE_METHOD_MATCH = YES;
				COPY_PHASE_STRIP = NO;
				DEBUG_INFORMATION_FORMAT = dwarf;
				ENABLE_STRICT_OBJC_MSGSEND = YES;
				ENABLE_TESTABILITY = YES;
				GCC_C_LANGUAGE_STANDARD = gnu11;
				GCC_DYNAMIC_NO_PIC = NO;
				GCC_NO_COMMON_BLOCKS = YES;
				GCC_OPTIMIZATION_LEVEL = 0;
				GCC_PREPROCESSOR_DEFINITIONS = (
					"DEBUG=1",
					"$(inherited)",
				);
				GCC_WARN_64_TO_32_BIT_CONVERSION = YES;
				GCC_WARN_ABOUT_RETURN_TYPE = YES_ERROR;
				GCC_WARN_UNDECLARED_SELECTOR = YES;
				GCC_WARN_UNINITIALIZED_AUTOS = YES_AGGRESSIVE;
				GCC_WARN_UNUSED_FUNCTION = YES;
				GCC_WARN_UNUSED_VARIABLE = YES;
				IPHONEOS_DEPLOYMENT_TARGET = 15.2;
				MTL_ENABLE_DEBUG_INFO = INCLUDE_SOURCE;
				MTL_FAST_MATH = YES;
				ONLY_ACTIVE_ARCH = YES;
				SDKROOT = iphoneos;
				SWIFT_ACTIVE_COMPILATION_CONDITIONS = DEBUG;
				SWIFT_OPTIMIZATION_LEVEL = "-Onone";
			};
			name = Debug;
		};
		7542EA65288C846F00F79148 /* Release */ = {
			isa = XCBuildConfiguration;
			buildSettings = {
				ALWAYS_SEARCH_USER_PATHS = NO;
				CLANG_ANALYZER_NONNULL = YES;
				CLANG_ANALYZER_NUMBER_OBJECT_CONVERSION = YES_AGGRESSIVE;
				CLANG_CXX_LANGUAGE_STANDARD = "gnu++17";
				CLANG_CXX_LIBRARY = "libc++";
				CLANG_ENABLE_MODULES = YES;
				CLANG_ENABLE_OBJC_ARC = YES;
				CLANG_ENABLE_OBJC_WEAK = YES;
				CLANG_WARN_BLOCK_CAPTURE_AUTORELEASING = YES;
				CLANG_WARN_BOOL_CONVERSION = YES;
				CLANG_WARN_COMMA = YES;
				CLANG_WARN_CONSTANT_CONVERSION = YES;
				CLANG_WARN_DEPRECATED_OBJC_IMPLEMENTATIONS = YES;
				CLANG_WARN_DIRECT_OBJC_ISA_USAGE = YES_ERROR;
				CLANG_WARN_DOCUMENTATION_COMMENTS = YES;
				CLANG_WARN_EMPTY_BODY = YES;
				CLANG_WARN_ENUM_CONVERSION = YES;
				CLANG_WARN_INFINITE_RECURSION = YES;
				CLANG_WARN_INT_CONVERSION = YES;
				CLANG_WARN_NON_LITERAL_NULL_CONVERSION = YES;
				CLANG_WARN_OBJC_IMPLICIT_RETAIN_SELF = YES;
				CLANG_WARN_OBJC_LITERAL_CONVERSION = YES;
				CLANG_WARN_OBJC_ROOT_CLASS = YES_ERROR;
				CLANG_WARN_QUOTED_INCLUDE_IN_FRAMEWORK_HEADER = YES;
				CLANG_WARN_RANGE_LOOP_ANALYSIS = YES;
				CLANG_WARN_STRICT_PROTOTYPES = YES;
				CLANG_WARN_SUSPICIOUS_MOVE = YES;
				CLANG_WARN_UNGUARDED_AVAILABILITY = YES_AGGRESSIVE;
				CLANG_WARN_UNREACHABLE_CODE = YES;
				CLANG_WARN__DUPLICATE_METHOD_MATCH = YES;
				COPY_PHASE_STRIP = NO;
				DEBUG_INFORMATION_FORMAT = "dwarf-with-dsym";
				ENABLE_NS_ASSERTIONS = NO;
				ENABLE_STRICT_OBJC_MSGSEND = YES;
				GCC_C_LANGUAGE_STANDARD = gnu11;
				GCC_NO_COMMON_BLOCKS = YES;
				GCC_WARN_64_TO_32_BIT_CONVERSION = YES;
				GCC_WARN_ABOUT_RETURN_TYPE = YES_ERROR;
				GCC_WARN_UNDECLARED_SELECTOR = YES;
				GCC_WARN_UNINITIALIZED_AUTOS = YES_AGGRESSIVE;
				GCC_WARN_UNUSED_FUNCTION = YES;
				GCC_WARN_UNUSED_VARIABLE = YES;
				IPHONEOS_DEPLOYMENT_TARGET = 15.2;
				MTL_ENABLE_DEBUG_INFO = NO;
				MTL_FAST_MATH = YES;
				SDKROOT = iphoneos;
				SWIFT_COMPILATION_MODE = wholemodule;
				SWIFT_OPTIMIZATION_LEVEL = "-O";
				VALIDATE_PRODUCT = YES;
			};
			name = Release;
		};
		7542EA67288C846F00F79148 /* Debug */ = {
			isa = XCBuildConfiguration;
			buildSettings = {
				ASSETCATALOG_COMPILER_APPICON_NAME = AppIcon;
				ASSETCATALOG_COMPILER_GLOBAL_ACCENT_COLOR_NAME = AccentColor;
				CODE_SIGN_STYLE = Automatic;
				CURRENT_PROJECT_VERSION = 1;
				DEVELOPMENT_TEAM = VM55LWG8PP;
				GENERATE_INFOPLIST_FILE = YES;
				INFOPLIST_FILE = CityEvent/Info.plist;
				INFOPLIST_KEY_UIApplicationSupportsIndirectInputEvents = YES;
				INFOPLIST_KEY_UILaunchStoryboardName = LaunchScreen;
				INFOPLIST_KEY_UIMainStoryboardFile = Main;
				INFOPLIST_KEY_UISupportedInterfaceOrientations_iPad = "UIInterfaceOrientationPortrait UIInterfaceOrientationPortraitUpsideDown UIInterfaceOrientationLandscapeLeft UIInterfaceOrientationLandscapeRight";
				INFOPLIST_KEY_UISupportedInterfaceOrientations_iPhone = "UIInterfaceOrientationPortrait UIInterfaceOrientationLandscapeLeft UIInterfaceOrientationLandscapeRight";
				LD_RUNPATH_SEARCH_PATHS = (
					"$(inherited)",
					"@executable_path/Frameworks",
				);
				MARKETING_VERSION = 1.0;
				PRODUCT_BUNDLE_IDENTIFIER = com.elizeurs.CityEvent;
				PRODUCT_NAME = "$(TARGET_NAME)";
				SWIFT_EMIT_LOC_STRINGS = YES;
				SWIFT_VERSION = 5.0;
				TARGETED_DEVICE_FAMILY = "1,2";
			};
			name = Debug;
		};
		7542EA68288C846F00F79148 /* Release */ = {
			isa = XCBuildConfiguration;
			buildSettings = {
				ASSETCATALOG_COMPILER_APPICON_NAME = AppIcon;
				ASSETCATALOG_COMPILER_GLOBAL_ACCENT_COLOR_NAME = AccentColor;
				CODE_SIGN_STYLE = Automatic;
				CURRENT_PROJECT_VERSION = 1;
				DEVELOPMENT_TEAM = VM55LWG8PP;
				GENERATE_INFOPLIST_FILE = YES;
				INFOPLIST_FILE = CityEvent/Info.plist;
				INFOPLIST_KEY_UIApplicationSupportsIndirectInputEvents = YES;
				INFOPLIST_KEY_UILaunchStoryboardName = LaunchScreen;
				INFOPLIST_KEY_UIMainStoryboardFile = Main;
				INFOPLIST_KEY_UISupportedInterfaceOrientations_iPad = "UIInterfaceOrientationPortrait UIInterfaceOrientationPortraitUpsideDown UIInterfaceOrientationLandscapeLeft UIInterfaceOrientationLandscapeRight";
				INFOPLIST_KEY_UISupportedInterfaceOrientations_iPhone = "UIInterfaceOrientationPortrait UIInterfaceOrientationLandscapeLeft UIInterfaceOrientationLandscapeRight";
				LD_RUNPATH_SEARCH_PATHS = (
					"$(inherited)",
					"@executable_path/Frameworks",
				);
				MARKETING_VERSION = 1.0;
				PRODUCT_BUNDLE_IDENTIFIER = com.elizeurs.CityEvent;
				PRODUCT_NAME = "$(TARGET_NAME)";
				SWIFT_EMIT_LOC_STRINGS = YES;
				SWIFT_VERSION = 5.0;
				TARGETED_DEVICE_FAMILY = "1,2";
			};
			name = Release;
		};
/* End XCBuildConfiguration section */

/* Begin XCConfigurationList section */
		7542EA4D288C846C00F79148 /* Build configuration list for PBXProject "CityEvent" */ = {
			isa = XCConfigurationList;
			buildConfigurations = (
				7542EA64288C846F00F79148 /* Debug */,
				7542EA65288C846F00F79148 /* Release */,
			);
			defaultConfigurationIsVisible = 0;
			defaultConfigurationName = Release;
		};
		7542EA66288C846F00F79148 /* Build configuration list for PBXNativeTarget "CityEvent" */ = {
			isa = XCConfigurationList;
			buildConfigurations = (
				7542EA67288C846F00F79148 /* Debug */,
				7542EA68288C846F00F79148 /* Release */,
			);
			defaultConfigurationIsVisible = 0;
			defaultConfigurationName = Release;
		};
/* End XCConfigurationList section */

/* Begin XCRemoteSwiftPackageReference section */
		75F9F526288DFB670032B59D /* XCRemoteSwiftPackageReference "SDWebImage" */ = {
			isa = XCRemoteSwiftPackageReference;
			repositoryURL = "https://github.com/SDWebImage/SDWebImage";
			requirement = {
				branch = master;
				kind = branch;
			};
		};
/* End XCRemoteSwiftPackageReference section */

/* Begin XCSwiftPackageProductDependency section */
		75F9F527288DFB670032B59D /* SDWebImage */ = {
			isa = XCSwiftPackageProductDependency;
			package = 75F9F526288DFB670032B59D /* XCRemoteSwiftPackageReference "SDWebImage" */;
			productName = SDWebImage;
		};
/* End XCSwiftPackageProductDependency section */
	};
	rootObject = 7542EA4A288C846C00F79148 /* Project object */;
}
